
Microsoft Visual Studio Solution File, Format Version 12.00
# Visual Studio 2013
VisualStudioVersion = 12.0.30501.0
MinimumVisualStudioVersion = 10.0.40219.1
Project("{8BC9CEB8-8B4A-11D0-8D11-00A0C91BC942}") = "逻辑十米跳台", "逻辑十米跳台\逻辑十米跳台.vcxproj", "{5A4CD185-944B-4234-8FC4-5CD2B53B1600}"
EndProject
Global
	GlobalSection(SolutionConfigurationPlatforms) = preSolution
		Debug|Win32 = Debug|Win32
		Release|Win32 = Release|Win32
	EndGlobalSection
	GlobalSection(ProjectConfigurationPlatforms) = postSolution
		{5A4CD185-944B-4234-8FC4-5CD2B53B1600}.Debug|Win32.ActiveCfg = Debug|Win32
		{5A4CD185-944B-4234-8FC4-5CD2B53B1600}.Debug|Win32.Build.0 = Debug|Win32
		{5A4CD185-944B-4234-8FC4-5CD2B53B1600}.Release|Win32.ActiveCfg = Release|Win32
		{5A4CD185-944B-4234-8FC4-5CD2B53B1600}.Release|Win32.Build.0 = Release|Win32
	EndGlobalSection
	GlobalSection(SolutionProperties) = preSolution
		HideSolutionNode = FALSE
	EndGlobalSection
EndGlobal
