
Microsoft Visual Studio Solution File, Format Version 12.00
# Visual Studio 2013
VisualStudioVersion = 12.0.30501.0
MinimumVisualStudioVersion = 10.0.40219.1
Project("{8BC9CEB8-8B4A-11D0-8D11-00A0C91BC942}") = "ah哥德巴赫猜想", "ah哥德巴赫猜想\ah哥德巴赫猜想.vcxproj", "{910A3A6D-6A93-4379-8EE5-05B4B039BD02}"
EndProject
Global
	GlobalSection(SolutionConfigurationPlatforms) = preSolution
		Debug|Win32 = Debug|Win32
		Release|Win32 = Release|Win32
	EndGlobalSection
	GlobalSection(ProjectConfigurationPlatforms) = postSolution
		{910A3A6D-6A93-4379-8EE5-05B4B039BD02}.Debug|Win32.ActiveCfg = Debug|Win32
		{910A3A6D-6A93-4379-8EE5-05B4B039BD02}.Debug|Win32.Build.0 = Debug|Win32
		{910A3A6D-6A93-4379-8EE5-05B4B039BD02}.Release|Win32.ActiveCfg = Release|Win32
		{910A3A6D-6A93-4379-8EE5-05B4B039BD02}.Release|Win32.Build.0 = Release|Win32
	EndGlobalSection
	GlobalSection(SolutionProperties) = preSolution
		HideSolutionNode = FALSE
	EndGlobalSection
EndGlobal
